# This file is autogenerated, do not edit; changes may be undone by the next 'dep ensure'.


[[projects]]
  branch = "master"
  digest = "1:9423d0ab924e9e50d668ef2e9d0ce11ffbc346d007a950a98093a5f053b34eff"
  name = "github.com/go-gl/gl"
  packages = ["v2.1/gl"]
  pruneopts = "UT"
  revision = "68e2537930806bfcee1b92a0e14b4e9b8bb3a3e3"

[[projects]]
  branch = "master"
  digest = "1:b77931229e2797e44f3168b8ca2ed186eb872cd28a5b45589bb4262a86574ef0"
  name = "github.com/go-gl/glfw"
  packages = ["v3.2/glfw"]
  pruneopts = "UT"
  revision = "2484f3e51bc432ea9f7daa182e418d5522201176"

[[projects]]
  branch = "master"
  digest = "1:62c57507df491b657e9ae2645f30958d9964c8eeb380600469eedc951ebb3a0e"
  name = "github.com/golang/freetype"
  packages = [
    "raster",
    "truetype",
  ]
  pruneopts = "UT"
  revision = "e2365dfdc4a05e4b8299a783240d4a7d5a65d4e4"

[[projects]]
  branch = "master"
  digest = "1:f14d1b50e0075fb00177f12a96dd7addf93d1e2883c25befd17285b779549795"
  name = "github.com/gopherjs/gopherjs"
  packages = ["js"]
  pruneopts = "UT"
  revision = "0892b62f0d9fb5857760c3cfca837207185117ee"

[[projects]]
  digest = "1:e5998225759cf350dbee3e8ed69b0ca549bb52dd71edf937800fa46d39502db6"
  name = "github.com/gopherjs/gopherwasm"
  packages = ["js"]
  pruneopts = "UT"
  revision = "f02b5938d19774383abccdfe0271e1a40651b4ad"
  version = "v0.1.1"

[[projects]]
  branch = "master"
  digest = "1:dd441871658e9f598ebc39ae9ca6b8075c32979e892833fe6f8f63dfb4af37f5"
  name = "github.com/hajimehoshi/ebiten"
  packages = [
    ".",
    "audio",
    "audio/internal/convert",
    "audio/vorbis",
    "audio/vorbis/internal/stb",
    "audio/wav",
    "ebitenutil",
    "ebitenutil/internal/assets",
    "examples/resources/audio",
    "examples/resources/fonts",
    "examples/resources/images/flappy",
    "inpututil",
    "internal/affine",
    "internal/clock",
    "internal/devicescale",
    "internal/graphics",
    "internal/graphicsutil",
    "internal/hooks",
    "internal/input",
    "internal/math",
    "internal/opengl",
    "internal/packing",
    "internal/png",
    "internal/restorable",
    "internal/shareable",
    "internal/ui",
    "internal/web",
    "text",
  ]
  pruneopts = "UT"
  revision = "e54da620ddcc16068ac73e8f134baa9ff6a79b75"

[[projects]]
  digest = "1:49c6bfd27aee1908b1aef190efcd4a11e71b86c8c067244884cbc924645caeae"
  name = "github.com/hajimehoshi/oto"
  packages = ["."]
  pruneopts = "UT"
  revision = "f48c4541b748ac0a09e8d207588ecc890ca47615"
  version = "v0.1.2"

[[projects]]
  digest = "1:94e42bf18ffd9b068927bbc47837a88e0b8bb3cfb339427820c5157f95918184"
  name = "github.com/jfreymuth/oggvorbis"
  packages = ["."]
  pruneopts = "UT"
  revision = "9504566bd4b4afd13a5e5acb770934d58c87028a"
  version = "v1.0.0"

[[projects]]
  digest = "1:72042082dfa783f347c3dd1bb5ade7a363793413d24a44db2cd9399432d373cc"
  name = "github.com/jfreymuth/vorbis"
  packages = ["."]
  pruneopts = "UT"
  revision = "2f16367d086d143e8e946cc5ee24618147d673dc"
  version = "v1.0.0"

[[projects]]
  branch = "master"
  digest = "1:9ae739d21ba74ef837be2aeae48b3ef29374d5480676561dfddf08b1d317f32b"
  name = "golang.org/x/exp"
  packages = [
    "shiny/driver/gldriver",
    "shiny/driver/internal/drawer",
    "shiny/driver/internal/errscreen",
    "shiny/driver/internal/event",
    "shiny/driver/internal/lifecycler",
    "shiny/driver/internal/win32",
    "shiny/driver/internal/x11key",
    "shiny/screen",
  ]
  pruneopts = "UT"
  revision = "3d87b88a115fa4e65fadcbf34e6a60e8040cec41"

[[projects]]
  branch = "master"
  digest = "1:b54d68bca2e0b524caadf36991a4ad2a11bb8ede88ad775222c047bd5dca4f0a"
  name = "golang.org/x/image"
  packages = [
    "font",
    "math/f64",
    "math/fixed",
  ]
  pruneopts = "UT"
  revision = "c73c2afc3b812cdd6385de5a50616511c4a3d458"

[[projects]]
  branch = "master"
  digest = "1:f0688f5dd5d8522680e1112f377b266a7043663ae945b2e57ffdc24bc109ed22"
  name = "golang.org/x/mobile"
  packages = [
    "app",
    "app/internal/callfn",
    "event/key",
    "event/lifecycle",
    "event/mouse",
    "event/paint",
    "event/size",
    "event/touch",
    "geom",
    "gl",
    "internal/mobileinit",
  ]
  pruneopts = "UT"
  revision = "bceb7ef27cc623473a5b664d2a3450576dddff0f"

[[projects]]
  branch = "master"
  digest = "1:0e22b636435114add60ec3317a54eb909cea4acf2eef1ddd1d11225eac06acd4"
  name = "golang.org/x/sys"
  packages = ["windows"]
  pruneopts = "UT"
  revision = "1c9583448a9c3aa0f9a6a5241bf73c0bd8aafded"

[[projects]]
  branch = "master"
  digest = "1:b179fdebc34548df954150205325afd573927b02ed417ce34fea73d519315718"
  name = "golang.org/x/tools"
  packages = ["go/ast/astutil"]
  pruneopts = "UT"
  revision = "1dfe8478fdec02e49c998048ab9f761d64949349"

[solve-meta]
  analyzer-name = "dep"
  analyzer-version = 1
  input-imports = [
    "github.com/golang/freetype/truetype",
    "github.com/hajimehoshi/ebiten",
    "github.com/hajimehoshi/ebiten/audio",
    "github.com/hajimehoshi/ebiten/audio/vorbis",
    "github.com/hajimehoshi/ebiten/audio/wav",
    "github.com/hajimehoshi/ebiten/ebitenutil",
    "github.com/hajimehoshi/ebiten/examples/resources/audio",
    "github.com/hajimehoshi/ebiten/examples/resources/fonts",
    "github.com/hajimehoshi/ebiten/examples/resources/images/flappy",
    "github.com/hajimehoshi/ebiten/inpututil",
    "github.com/hajimehoshi/ebiten/text",
    "golang.org/x/image/font",
  ]
  solver-name = "gps-cdcl"
  solver-version = 1
